
Microsoft Visual Studio Solution File, Format Version 12.00
# Visual Studio Version 17
VisualStudioVersion = 17.11.35222.181
MinimumVisualStudioVersion = 10.0.40219.1
Project("{FAE04EC0-301F-11D3-BF4B-00C04F79EFBC}") = "Individual Project", "Individual Project\Individual Project.csproj", "{84A5BBF9-1A01-4A24-AED7-A90B97F7A864}"
EndProject
Project("{FAE04EC0-301F-11D3-BF4B-00C04F79EFBC}") = "ProjectChecker", "ProjectChecker\ProjectChecker.csproj", "{B39AAB39-34E4-4629-BC7C-9668F8C15388}"
EndProject
Project("{FAE04EC0-301F-11D3-BF4B-00C04F79EFBC}") = "UnitTests", "UnitTests\UnitTests.csproj", "{C8BB8EAD-708F-488A-A0DE-20DA902BC3A1}"
EndProject
Global
	GlobalSection(SolutionConfigurationPlatforms) = preSolution
		Debug|Any CPU = Debug|Any CPU
		Release|Any CPU = Release|Any CPU
	EndGlobalSection
	GlobalSection(ProjectConfigurationPlatforms) = postSolution
		{84A5BBF9-1A01-4A24-AED7-A90B97F7A864}.Debug|Any CPU.ActiveCfg = Debug|Any CPU
		{84A5BBF9-1A01-4A24-AED7-A90B97F7A864}.Debug|Any CPU.Build.0 = Debug|Any CPU
		{84A5BBF9-1A01-4A24-AED7-A90B97F7A864}.Release|Any CPU.ActiveCfg = Release|Any CPU
		{84A5BBF9-1A01-4A24-AED7-A90B97F7A864}.Release|Any CPU.Build.0 = Release|Any CPU
		{B39AAB39-34E4-4629-BC7C-9668F8C15388}.Debug|Any CPU.ActiveCfg = Debug|Any CPU
		{B39AAB39-34E4-4629-BC7C-9668F8C15388}.Debug|Any CPU.Build.0 = Debug|Any CPU
		{B39AAB39-34E4-4629-BC7C-9668F8C15388}.Release|Any CPU.ActiveCfg = Release|Any CPU
		{B39AAB39-34E4-4629-BC7C-9668F8C15388}.Release|Any CPU.Build.0 = Release|Any CPU
		{C8BB8EAD-708F-488A-A0DE-20DA902BC3A1}.Debug|Any CPU.ActiveCfg = Debug|Any CPU
		{C8BB8EAD-708F-488A-A0DE-20DA902BC3A1}.Debug|Any CPU.Build.0 = Debug|Any CPU
		{C8BB8EAD-708F-488A-A0DE-20DA902BC3A1}.Release|Any CPU.ActiveCfg = Release|Any CPU
		{C8BB8EAD-708F-488A-A0DE-20DA902BC3A1}.Release|Any CPU.Build.0 = Release|Any CPU
	EndGlobalSection
	GlobalSection(SolutionProperties) = preSolution
		HideSolutionNode = FALSE
	EndGlobalSection
	GlobalSection(ExtensibilityGlobals) = postSolution
		SolutionGuid = {A6EAE164-50A8-430A-804C-72975D3F8ABC}
	EndGlobalSection
EndGlobal
